
Microsoft Visual Studio Solution File, Format Version 12.00
# Visual Studio 15
Project("{FAE04EC0-301F-11D3-BF4B-00C04F79EFBC}") = "VuforiaScripts", "VuforiaScripts.csproj", "{CEB4CC23-4F7A-F848-0E30-ACDAD76466C9}"
EndProject
Project("{FAE04EC0-301F-11D3-BF4B-00C04F79EFBC}") = "Assembly-CSharp", "Assembly-CSharp.csproj", "{B98C7E1E-0842-F0A0-5468-485B120979AA}"
EndProject
Project("{FAE04EC0-301F-11D3-BF4B-00C04F79EFBC}") = "VuforiaEditorScripts", "VuforiaEditorScripts.csproj", "{FC31D261-C7CD-21A5-E014-0CCC4C4B10FC}"
EndProject
Global
	GlobalSection(SolutionConfigurationPlatforms) = preSolution
		Debug|Any CPU = Debug|Any CPU
		Release|Any CPU = Release|Any CPU
	EndGlobalSection
	GlobalSection(ProjectConfigurationPlatforms) = postSolution
		{CEB4CC23-4F7A-F848-0E30-ACDAD76466C9}.Debug|Any CPU.ActiveCfg = Debug|Any CPU
		{CEB4CC23-4F7A-F848-0E30-ACDAD76466C9}.Debug|Any CPU.Build.0 = Debug|Any CPU
		{CEB4CC23-4F7A-F848-0E30-ACDAD76466C9}.Release|Any CPU.ActiveCfg = Release|Any CPU
		{CEB4CC23-4F7A-F848-0E30-ACDAD76466C9}.Release|Any CPU.Build.0 = Release|Any CPU
		{B98C7E1E-0842-F0A0-5468-485B120979AA}.Debug|Any CPU.ActiveCfg = Debug|Any CPU
		{B98C7E1E-0842-F0A0-5468-485B120979AA}.Debug|Any CPU.Build.0 = Debug|Any CPU
		{B98C7E1E-0842-F0A0-5468-485B120979AA}.Release|Any CPU.ActiveCfg = Release|Any CPU
		{B98C7E1E-0842-F0A0-5468-485B120979AA}.Release|Any CPU.Build.0 = Release|Any CPU
		{FC31D261-C7CD-21A5-E014-0CCC4C4B10FC}.Debug|Any CPU.ActiveCfg = Debug|Any CPU
		{FC31D261-C7CD-21A5-E014-0CCC4C4B10FC}.Debug|Any CPU.Build.0 = Debug|Any CPU
		{FC31D261-C7CD-21A5-E014-0CCC4C4B10FC}.Release|Any CPU.ActiveCfg = Release|Any CPU
		{FC31D261-C7CD-21A5-E014-0CCC4C4B10FC}.Release|Any CPU.Build.0 = Release|Any CPU
	EndGlobalSection
	GlobalSection(SolutionProperties) = preSolution
		HideSolutionNode = FALSE
	EndGlobalSection
EndGlobal
